
Microsoft Visual Studio Solution File, Format Version 12.00
# Visual Studio Version 17
VisualStudioVersion = 17.11.35312.102
MinimumVisualStudioVersion = 10.0.40219.1
Project("{FAE04EC0-301F-11D3-BF4B-00C04F79EFBC}") = "EmotionApp", "EmotionApp\EmotionApp.csproj", "{EEAFE352-605E-49C9-8973-651940722589}"
EndProject
Global
	GlobalSection(SolutionConfigurationPlatforms) = preSolution
		Debug|Any CPU = Debug|Any CPU
		Release|Any CPU = Release|Any CPU
	EndGlobalSection
	GlobalSection(ProjectConfigurationPlatforms) = postSolution
		{EEAFE352-605E-49C9-8973-651940722589}.Debug|Any CPU.ActiveCfg = Debug|Any CPU
		{EEAFE352-605E-49C9-8973-651940722589}.Debug|Any CPU.Build.0 = Debug|Any CPU
		{EEAFE352-605E-49C9-8973-651940722589}.Release|Any CPU.ActiveCfg = Release|Any CPU
		{EEAFE352-605E-49C9-8973-651940722589}.Release|Any CPU.Build.0 = Release|Any CPU
	EndGlobalSection
	GlobalSection(SolutionProperties) = preSolution
		HideSolutionNode = FALSE
	EndGlobalSection
	GlobalSection(ExtensibilityGlobals) = postSolution
		SolutionGuid = {49330FD6-C513-40EE-8A1A-64CE9E7BADCE}
	EndGlobalSection
EndGlobal
